
Microsoft Visual Studio Solution File, Format Version 12.00
# Visual Studio Version 17
VisualStudioVersion = 17.1.32421.90
MinimumVisualStudioVersion = 10.0.40219.1
Project("{9A19103F-16F7-4668-BE54-9A1E7A4F7556}") = "Data Types", "Data Types\Data Types.csproj", "{9861D01E-7668-4257-BB0D-37233ECA7524}"
EndProject
Project("{9A19103F-16F7-4668-BE54-9A1E7A4F7556}") = "Grammar", "Grammar\Grammar.csproj", "{091009D4-32CF-458B-97CE-9A2BD204C269}"
EndProject
Project("{9A19103F-16F7-4668-BE54-9A1E7A4F7556}") = "if else", "if else\if else.csproj", "{F58E9D76-66A1-4862-9918-C0410BAC23B8}"
EndProject
Project("{9A19103F-16F7-4668-BE54-9A1E7A4F7556}") = "Nomenclature", "Nomenclature\Nomenclature.csproj", "{AF21EA2B-431E-47EB-800A-A294D1CE408D}"
EndProject
Project("{9A19103F-16F7-4668-BE54-9A1E7A4F7556}") = "Switch", "Switch\Switch.csproj", "{510EAA7C-BEAE-4A08-9427-36D078B47647}"
EndProject
Project("{9A19103F-16F7-4668-BE54-9A1E7A4F7556}") = "Variables", "Variables\Variables.csproj", "{633B90FC-4170-4DBA-8F55-58F4B1FA5D2A}"
EndProject
Project("{9A19103F-16F7-4668-BE54-9A1E7A4F7556}") = "While and Do While", "Do While\While and Do While.csproj", "{BDF45631-B14A-4CD9-8F94-7BD8865BC138}"
EndProject
Project("{9A19103F-16F7-4668-BE54-9A1E7A4F7556}") = "For and For Each Loop", "For Loop\For and For Each Loop.csproj", "{5A5F57AF-8406-4DBB-87FD-42051E0D4104}"
EndProject
Project("{9A19103F-16F7-4668-BE54-9A1E7A4F7556}") = "Operators", "Operators\Operators.csproj", "{37FC0902-8A75-45D7-8D37-8BE0D685CB56}"
EndProject
Project("{9A19103F-16F7-4668-BE54-9A1E7A4F7556}") = "Read Arguments", "Read Arguments\Read Arguments.csproj", "{AA97C20B-83A4-4033-BDFF-17CA02A30020}"
EndProject
Project("{9A19103F-16F7-4668-BE54-9A1E7A4F7556}") = "Arrays", "Arrays\Arrays.csproj", "{7BD53870-7974-4BBF-995A-0C268E59605D}"
EndProject
Project("{9A19103F-16F7-4668-BE54-9A1E7A4F7556}") = "Data Type Convertions", "Data Type Convertions\Data Type Convertions.csproj", "{106E8B66-2472-4BB4-9D8E-F499C4C5F768}"
EndProject
Project("{2150E333-8FDC-42A3-9474-1A3956D46DE8}") = "C_Sharp", "C_Sharp", "{FC8B36C2-5327-4D61-8F73-8C541A0FF368}"
EndProject
Project("{2150E333-8FDC-42A3-9474-1A3956D46DE8}") = "Methods_Functions", "Methods_Functions", "{0D73A8B6-935A-4BCE-8B00-BCAC1BDBF27E}"
EndProject
Project("{FAE04EC0-301F-11D3-BF4B-00C04F79EFBC}") = "Methods", "Methods\Methods.csproj", "{35518EE1-C7D3-43F2-BF01-41C5D0846519}"
EndProject
Global
	GlobalSection(SolutionConfigurationPlatforms) = preSolution
		Debug|Any CPU = Debug|Any CPU
		Release|Any CPU = Release|Any CPU
	EndGlobalSection
	GlobalSection(ProjectConfigurationPlatforms) = postSolution
		{9861D01E-7668-4257-BB0D-37233ECA7524}.Debug|Any CPU.ActiveCfg = Debug|Any CPU
		{9861D01E-7668-4257-BB0D-37233ECA7524}.Debug|Any CPU.Build.0 = Debug|Any CPU
		{9861D01E-7668-4257-BB0D-37233ECA7524}.Release|Any CPU.ActiveCfg = Release|Any CPU
		{9861D01E-7668-4257-BB0D-37233ECA7524}.Release|Any CPU.Build.0 = Release|Any CPU
		{091009D4-32CF-458B-97CE-9A2BD204C269}.Debug|Any CPU.ActiveCfg = Debug|Any CPU
		{091009D4-32CF-458B-97CE-9A2BD204C269}.Debug|Any CPU.Build.0 = Debug|Any CPU
		{091009D4-32CF-458B-97CE-9A2BD204C269}.Release|Any CPU.ActiveCfg = Release|Any CPU
		{091009D4-32CF-458B-97CE-9A2BD204C269}.Release|Any CPU.Build.0 = Release|Any CPU
		{F58E9D76-66A1-4862-9918-C0410BAC23B8}.Debug|Any CPU.ActiveCfg = Debug|Any CPU
		{F58E9D76-66A1-4862-9918-C0410BAC23B8}.Debug|Any CPU.Build.0 = Debug|Any CPU
		{F58E9D76-66A1-4862-9918-C0410BAC23B8}.Release|Any CPU.ActiveCfg = Release|Any CPU
		{F58E9D76-66A1-4862-9918-C0410BAC23B8}.Release|Any CPU.Build.0 = Release|Any CPU
		{AF21EA2B-431E-47EB-800A-A294D1CE408D}.Debug|Any CPU.ActiveCfg = Debug|Any CPU
		{AF21EA2B-431E-47EB-800A-A294D1CE408D}.Debug|Any CPU.Build.0 = Debug|Any CPU
		{AF21EA2B-431E-47EB-800A-A294D1CE408D}.Release|Any CPU.ActiveCfg = Release|Any CPU
		{AF21EA2B-431E-47EB-800A-A294D1CE408D}.Release|Any CPU.Build.0 = Release|Any CPU
		{510EAA7C-BEAE-4A08-9427-36D078B47647}.Debug|Any CPU.ActiveCfg = Debug|Any CPU
		{510EAA7C-BEAE-4A08-9427-36D078B47647}.Debug|Any CPU.Build.0 = Debug|Any CPU
		{510EAA7C-BEAE-4A08-9427-36D078B47647}.Release|Any CPU.ActiveCfg = Release|Any CPU
		{510EAA7C-BEAE-4A08-9427-36D078B47647}.Release|Any CPU.Build.0 = Release|Any CPU
		{633B90FC-4170-4DBA-8F55-58F4B1FA5D2A}.Debug|Any CPU.ActiveCfg = Debug|Any CPU
		{633B90FC-4170-4DBA-8F55-58F4B1FA5D2A}.Debug|Any CPU.Build.0 = Debug|Any CPU
		{633B90FC-4170-4DBA-8F55-58F4B1FA5D2A}.Release|Any CPU.ActiveCfg = Release|Any CPU
		{633B90FC-4170-4DBA-8F55-58F4B1FA5D2A}.Release|Any CPU.Build.0 = Release|Any CPU
		{BDF45631-B14A-4CD9-8F94-7BD8865BC138}.Debug|Any CPU.ActiveCfg = Debug|Any CPU
		{BDF45631-B14A-4CD9-8F94-7BD8865BC138}.Debug|Any CPU.Build.0 = Debug|Any CPU
		{BDF45631-B14A-4CD9-8F94-7BD8865BC138}.Release|Any CPU.ActiveCfg = Release|Any CPU
		{BDF45631-B14A-4CD9-8F94-7BD8865BC138}.Release|Any CPU.Build.0 = Release|Any CPU
		{5A5F57AF-8406-4DBB-87FD-42051E0D4104}.Debug|Any CPU.ActiveCfg = Debug|Any CPU
		{5A5F57AF-8406-4DBB-87FD-42051E0D4104}.Debug|Any CPU.Build.0 = Debug|Any CPU
		{5A5F57AF-8406-4DBB-87FD-42051E0D4104}.Release|Any CPU.ActiveCfg = Release|Any CPU
		{5A5F57AF-8406-4DBB-87FD-42051E0D4104}.Release|Any CPU.Build.0 = Release|Any CPU
		{37FC0902-8A75-45D7-8D37-8BE0D685CB56}.Debug|Any CPU.ActiveCfg = Debug|Any CPU
		{37FC0902-8A75-45D7-8D37-8BE0D685CB56}.Debug|Any CPU.Build.0 = Debug|Any CPU
		{37FC0902-8A75-45D7-8D37-8BE0D685CB56}.Release|Any CPU.ActiveCfg = Release|Any CPU
		{37FC0902-8A75-45D7-8D37-8BE0D685CB56}.Release|Any CPU.Build.0 = Release|Any CPU
		{AA97C20B-83A4-4033-BDFF-17CA02A30020}.Debug|Any CPU.ActiveCfg = Debug|Any CPU
		{AA97C20B-83A4-4033-BDFF-17CA02A30020}.Debug|Any CPU.Build.0 = Debug|Any CPU
		{AA97C20B-83A4-4033-BDFF-17CA02A30020}.Release|Any CPU.ActiveCfg = Release|Any CPU
		{AA97C20B-83A4-4033-BDFF-17CA02A30020}.Release|Any CPU.Build.0 = Release|Any CPU
		{7BD53870-7974-4BBF-995A-0C268E59605D}.Debug|Any CPU.ActiveCfg = Debug|Any CPU
		{7BD53870-7974-4BBF-995A-0C268E59605D}.Debug|Any CPU.Build.0 = Debug|Any CPU
		{7BD53870-7974-4BBF-995A-0C268E59605D}.Release|Any CPU.ActiveCfg = Release|Any CPU
		{7BD53870-7974-4BBF-995A-0C268E59605D}.Release|Any CPU.Build.0 = Release|Any CPU
		{106E8B66-2472-4BB4-9D8E-F499C4C5F768}.Debug|Any CPU.ActiveCfg = Debug|Any CPU
		{106E8B66-2472-4BB4-9D8E-F499C4C5F768}.Debug|Any CPU.Build.0 = Debug|Any CPU
		{106E8B66-2472-4BB4-9D8E-F499C4C5F768}.Release|Any CPU.ActiveCfg = Release|Any CPU
		{106E8B66-2472-4BB4-9D8E-F499C4C5F768}.Release|Any CPU.Build.0 = Release|Any CPU
		{35518EE1-C7D3-43F2-BF01-41C5D0846519}.Debug|Any CPU.ActiveCfg = Debug|Any CPU
		{35518EE1-C7D3-43F2-BF01-41C5D0846519}.Debug|Any CPU.Build.0 = Debug|Any CPU
		{35518EE1-C7D3-43F2-BF01-41C5D0846519}.Release|Any CPU.ActiveCfg = Release|Any CPU
		{35518EE1-C7D3-43F2-BF01-41C5D0846519}.Release|Any CPU.Build.0 = Release|Any CPU
	EndGlobalSection
	GlobalSection(SolutionProperties) = preSolution
		HideSolutionNode = FALSE
	EndGlobalSection
	GlobalSection(NestedProjects) = preSolution
		{9861D01E-7668-4257-BB0D-37233ECA7524} = {FC8B36C2-5327-4D61-8F73-8C541A0FF368}
		{091009D4-32CF-458B-97CE-9A2BD204C269} = {FC8B36C2-5327-4D61-8F73-8C541A0FF368}
		{F58E9D76-66A1-4862-9918-C0410BAC23B8} = {FC8B36C2-5327-4D61-8F73-8C541A0FF368}
		{AF21EA2B-431E-47EB-800A-A294D1CE408D} = {FC8B36C2-5327-4D61-8F73-8C541A0FF368}
		{510EAA7C-BEAE-4A08-9427-36D078B47647} = {FC8B36C2-5327-4D61-8F73-8C541A0FF368}
		{633B90FC-4170-4DBA-8F55-58F4B1FA5D2A} = {FC8B36C2-5327-4D61-8F73-8C541A0FF368}
		{BDF45631-B14A-4CD9-8F94-7BD8865BC138} = {FC8B36C2-5327-4D61-8F73-8C541A0FF368}
		{5A5F57AF-8406-4DBB-87FD-42051E0D4104} = {FC8B36C2-5327-4D61-8F73-8C541A0FF368}
		{37FC0902-8A75-45D7-8D37-8BE0D685CB56} = {FC8B36C2-5327-4D61-8F73-8C541A0FF368}
		{AA97C20B-83A4-4033-BDFF-17CA02A30020} = {FC8B36C2-5327-4D61-8F73-8C541A0FF368}
		{7BD53870-7974-4BBF-995A-0C268E59605D} = {FC8B36C2-5327-4D61-8F73-8C541A0FF368}
		{106E8B66-2472-4BB4-9D8E-F499C4C5F768} = {FC8B36C2-5327-4D61-8F73-8C541A0FF368}
		{35518EE1-C7D3-43F2-BF01-41C5D0846519} = {0D73A8B6-935A-4BCE-8B00-BCAC1BDBF27E}
	EndGlobalSection
	GlobalSection(ExtensibilityGlobals) = postSolution
		SolutionGuid = {2AC9F8D7-3CB4-4BA1-B505-39D8801BDE82}
	EndGlobalSection
EndGlobal
